
Microsoft Visual Studio Solution File, Format Version 12.00
# Visual Studio Version 16
VisualStudioVersion = 16.6.30114.105
MinimumVisualStudioVersion = 10.0.40219.1
Project("{2150E333-8FDC-42A3-9474-1A3956D46DE8}") = "src", "src", "{86AA1E94-DF7B-420C-A40B-AA1ABE500736}"
EndProject
Project("{FAE04EC0-301F-11D3-BF4B-00C04F79EFBC}") = "API", "src\API\API.csproj", "{B8FCFDA1-6A00-4141-A38D-E265A4420686}"
EndProject
Project("{FAE04EC0-301F-11D3-BF4B-00C04F79EFBC}") = "Application", "src\Application\Application.csproj", "{7F912D03-9FF0-4A5C-8B1D-8EE395E77321}"
EndProject
Project("{FAE04EC0-301F-11D3-BF4B-00C04F79EFBC}") = "Infrastructure", "src\Infrastructure\Infrastructure.csproj", "{213DF54E-97EF-4D92-ACF2-918F6E29B842}"
EndProject
Project("{FAE04EC0-301F-11D3-BF4B-00C04F79EFBC}") = "Domain", "src\Domain\Domain.csproj", "{0C08D227-9CA6-4167-95ED-4390F563687B}"
EndProject
Project("{2150E333-8FDC-42A3-9474-1A3956D46DE8}") = "tests", "tests", "{B48ECB97-F9E0-4B3B-BB77-95B5A515A5AA}"
EndProject
Project("{FAE04EC0-301F-11D3-BF4B-00C04F79EFBC}") = "Domain.UnitTests", "tests\Domain.UnitTests\Domain.UnitTests.csproj", "{D93790CE-786A-4027-9E66-0BD30E57B007}"
EndProject
Project("{FAE04EC0-301F-11D3-BF4B-00C04F79EFBC}") = "Application.IntegrationTests", "tests\Application.IntegrationTests\Application.IntegrationTests.csproj", "{82D6E5D6-B67D-4006-AAC5-199A41D268A7}"
EndProject
Global
	GlobalSection(SolutionConfigurationPlatforms) = preSolution
		Debug|Any CPU = Debug|Any CPU
		Debug|x64 = Debug|x64
		Debug|x86 = Debug|x86
		Release|Any CPU = Release|Any CPU
		Release|x64 = Release|x64
		Release|x86 = Release|x86
	EndGlobalSection
	GlobalSection(SolutionProperties) = preSolution
		HideSolutionNode = FALSE
	EndGlobalSection
	GlobalSection(ProjectConfigurationPlatforms) = postSolution
		{B8FCFDA1-6A00-4141-A38D-E265A4420686}.Debug|Any CPU.ActiveCfg = Debug|Any CPU
		{B8FCFDA1-6A00-4141-A38D-E265A4420686}.Debug|Any CPU.Build.0 = Debug|Any CPU
		{B8FCFDA1-6A00-4141-A38D-E265A4420686}.Debug|x64.ActiveCfg = Debug|Any CPU
		{B8FCFDA1-6A00-4141-A38D-E265A4420686}.Debug|x64.Build.0 = Debug|Any CPU
		{B8FCFDA1-6A00-4141-A38D-E265A4420686}.Debug|x86.ActiveCfg = Debug|Any CPU
		{B8FCFDA1-6A00-4141-A38D-E265A4420686}.Debug|x86.Build.0 = Debug|Any CPU
		{B8FCFDA1-6A00-4141-A38D-E265A4420686}.Release|Any CPU.ActiveCfg = Release|Any CPU
		{B8FCFDA1-6A00-4141-A38D-E265A4420686}.Release|Any CPU.Build.0 = Release|Any CPU
		{B8FCFDA1-6A00-4141-A38D-E265A4420686}.Release|x64.ActiveCfg = Release|Any CPU
		{B8FCFDA1-6A00-4141-A38D-E265A4420686}.Release|x64.Build.0 = Release|Any CPU
		{B8FCFDA1-6A00-4141-A38D-E265A4420686}.Release|x86.ActiveCfg = Release|Any CPU
		{B8FCFDA1-6A00-4141-A38D-E265A4420686}.Release|x86.Build.0 = Release|Any CPU
		{7F912D03-9FF0-4A5C-8B1D-8EE395E77321}.Debug|Any CPU.ActiveCfg = Debug|Any CPU
		{7F912D03-9FF0-4A5C-8B1D-8EE395E77321}.Debug|Any CPU.Build.0 = Debug|Any CPU
		{7F912D03-9FF0-4A5C-8B1D-8EE395E77321}.Debug|x64.ActiveCfg = Debug|Any CPU
		{7F912D03-9FF0-4A5C-8B1D-8EE395E77321}.Debug|x64.Build.0 = Debug|Any CPU
		{7F912D03-9FF0-4A5C-8B1D-8EE395E77321}.Debug|x86.ActiveCfg = Debug|Any CPU
		{7F912D03-9FF0-4A5C-8B1D-8EE395E77321}.Debug|x86.Build.0 = Debug|Any CPU
		{7F912D03-9FF0-4A5C-8B1D-8EE395E77321}.Release|Any CPU.ActiveCfg = Release|Any CPU
		{7F912D03-9FF0-4A5C-8B1D-8EE395E77321}.Release|Any CPU.Build.0 = Release|Any CPU
		{7F912D03-9FF0-4A5C-8B1D-8EE395E77321}.Release|x64.ActiveCfg = Release|Any CPU
		{7F912D03-9FF0-4A5C-8B1D-8EE395E77321}.Release|x64.Build.0 = Release|Any CPU
		{7F912D03-9FF0-4A5C-8B1D-8EE395E77321}.Release|x86.ActiveCfg = Release|Any CPU
		{7F912D03-9FF0-4A5C-8B1D-8EE395E77321}.Release|x86.Build.0 = Release|Any CPU
		{213DF54E-97EF-4D92-ACF2-918F6E29B842}.Debug|Any CPU.ActiveCfg = Debug|Any CPU
		{213DF54E-97EF-4D92-ACF2-918F6E29B842}.Debug|Any CPU.Build.0 = Debug|Any CPU
		{213DF54E-97EF-4D92-ACF2-918F6E29B842}.Debug|x64.ActiveCfg = Debug|Any CPU
		{213DF54E-97EF-4D92-ACF2-918F6E29B842}.Debug|x64.Build.0 = Debug|Any CPU
		{213DF54E-97EF-4D92-ACF2-918F6E29B842}.Debug|x86.ActiveCfg = Debug|Any CPU
		{213DF54E-97EF-4D92-ACF2-918F6E29B842}.Debug|x86.Build.0 = Debug|Any CPU
		{213DF54E-97EF-4D92-ACF2-918F6E29B842}.Release|Any CPU.ActiveCfg = Release|Any CPU
		{213DF54E-97EF-4D92-ACF2-918F6E29B842}.Release|Any CPU.Build.0 = Release|Any CPU
		{213DF54E-97EF-4D92-ACF2-918F6E29B842}.Release|x64.ActiveCfg = Release|Any CPU
		{213DF54E-97EF-4D92-ACF2-918F6E29B842}.Release|x64.Build.0 = Release|Any CPU
		{213DF54E-97EF-4D92-ACF2-918F6E29B842}.Release|x86.ActiveCfg = Release|Any CPU
		{213DF54E-97EF-4D92-ACF2-918F6E29B842}.Release|x86.Build.0 = Release|Any CPU
		{0C08D227-9CA6-4167-95ED-4390F563687B}.Debug|Any CPU.ActiveCfg = Debug|Any CPU
		{0C08D227-9CA6-4167-95ED-4390F563687B}.Debug|Any CPU.Build.0 = Debug|Any CPU
		{0C08D227-9CA6-4167-95ED-4390F563687B}.Debug|x64.ActiveCfg = Debug|Any CPU
		{0C08D227-9CA6-4167-95ED-4390F563687B}.Debug|x64.Build.0 = Debug|Any CPU
		{0C08D227-9CA6-4167-95ED-4390F563687B}.Debug|x86.ActiveCfg = Debug|Any CPU
		{0C08D227-9CA6-4167-95ED-4390F563687B}.Debug|x86.Build.0 = Debug|Any CPU
		{0C08D227-9CA6-4167-95ED-4390F563687B}.Release|Any CPU.ActiveCfg = Release|Any CPU
		{0C08D227-9CA6-4167-95ED-4390F563687B}.Release|Any CPU.Build.0 = Release|Any CPU
		{0C08D227-9CA6-4167-95ED-4390F563687B}.Release|x64.ActiveCfg = Release|Any CPU
		{0C08D227-9CA6-4167-95ED-4390F563687B}.Release|x64.Build.0 = Release|Any CPU
		{0C08D227-9CA6-4167-95ED-4390F563687B}.Release|x86.ActiveCfg = Release|Any CPU
		{0C08D227-9CA6-4167-95ED-4390F563687B}.Release|x86.Build.0 = Release|Any CPU
		{D93790CE-786A-4027-9E66-0BD30E57B007}.Debug|Any CPU.ActiveCfg = Debug|Any CPU
		{D93790CE-786A-4027-9E66-0BD30E57B007}.Debug|Any CPU.Build.0 = Debug|Any CPU
		{D93790CE-786A-4027-9E66-0BD30E57B007}.Debug|x64.ActiveCfg = Debug|Any CPU
		{D93790CE-786A-4027-9E66-0BD30E57B007}.Debug|x64.Build.0 = Debug|Any CPU
		{D93790CE-786A-4027-9E66-0BD30E57B007}.Debug|x86.ActiveCfg = Debug|Any CPU
		{D93790CE-786A-4027-9E66-0BD30E57B007}.Debug|x86.Build.0 = Debug|Any CPU
		{D93790CE-786A-4027-9E66-0BD30E57B007}.Release|Any CPU.ActiveCfg = Release|Any CPU
		{D93790CE-786A-4027-9E66-0BD30E57B007}.Release|Any CPU.Build.0 = Release|Any CPU
		{D93790CE-786A-4027-9E66-0BD30E57B007}.Release|x64.ActiveCfg = Release|Any CPU
		{D93790CE-786A-4027-9E66-0BD30E57B007}.Release|x64.Build.0 = Release|Any CPU
		{D93790CE-786A-4027-9E66-0BD30E57B007}.Release|x86.ActiveCfg = Release|Any CPU
		{D93790CE-786A-4027-9E66-0BD30E57B007}.Release|x86.Build.0 = Release|Any CPU
		{82D6E5D6-B67D-4006-AAC5-199A41D268A7}.Debug|Any CPU.ActiveCfg = Debug|Any CPU
		{82D6E5D6-B67D-4006-AAC5-199A41D268A7}.Debug|Any CPU.Build.0 = Debug|Any CPU
		{82D6E5D6-B67D-4006-AAC5-199A41D268A7}.Debug|x64.ActiveCfg = Debug|Any CPU
		{82D6E5D6-B67D-4006-AAC5-199A41D268A7}.Debug|x64.Build.0 = Debug|Any CPU
		{82D6E5D6-B67D-4006-AAC5-199A41D268A7}.Debug|x86.ActiveCfg = Debug|Any CPU
		{82D6E5D6-B67D-4006-AAC5-199A41D268A7}.Debug|x86.Build.0 = Debug|Any CPU
		{82D6E5D6-B67D-4006-AAC5-199A41D268A7}.Release|Any CPU.ActiveCfg = Release|Any CPU
		{82D6E5D6-B67D-4006-AAC5-199A41D268A7}.Release|Any CPU.Build.0 = Release|Any CPU
		{82D6E5D6-B67D-4006-AAC5-199A41D268A7}.Release|x64.ActiveCfg = Release|Any CPU
		{82D6E5D6-B67D-4006-AAC5-199A41D268A7}.Release|x64.Build.0 = Release|Any CPU
		{82D6E5D6-B67D-4006-AAC5-199A41D268A7}.Release|x86.ActiveCfg = Release|Any CPU
		{82D6E5D6-B67D-4006-AAC5-199A41D268A7}.Release|x86.Build.0 = Release|Any CPU
	EndGlobalSection
	GlobalSection(NestedProjects) = preSolution
		{B8FCFDA1-6A00-4141-A38D-E265A4420686} = {86AA1E94-DF7B-420C-A40B-AA1ABE500736}
		{7F912D03-9FF0-4A5C-8B1D-8EE395E77321} = {86AA1E94-DF7B-420C-A40B-AA1ABE500736}
		{213DF54E-97EF-4D92-ACF2-918F6E29B842} = {86AA1E94-DF7B-420C-A40B-AA1ABE500736}
		{0C08D227-9CA6-4167-95ED-4390F563687B} = {86AA1E94-DF7B-420C-A40B-AA1ABE500736}
		{D93790CE-786A-4027-9E66-0BD30E57B007} = {B48ECB97-F9E0-4B3B-BB77-95B5A515A5AA}
		{82D6E5D6-B67D-4006-AAC5-199A41D268A7} = {B48ECB97-F9E0-4B3B-BB77-95B5A515A5AA}
	EndGlobalSection
EndGlobal
